
Microsoft Visual Studio Solution File, Format Version 12.00
# Visual Studio 2013
VisualStudioVersion = 12.0.31101.0
MinimumVisualStudioVersion = 10.0.40219.1
Project("{FAE04EC0-301F-11D3-BF4B-00C04F79EFBC}") = "NTT Eyetracking", "NTT Eyetracking\NTT Eyetracking.csproj", "{1F3B31EE-9DD1-4370-B9F9-18124885C375}"
EndProject
Global
	GlobalSection(SolutionConfigurationPlatforms) = preSolution
		Debug|Any CPU = Debug|Any CPU
		Release|Any CPU = Release|Any CPU
	EndGlobalSection
	GlobalSection(ProjectConfigurationPlatforms) = postSolution
		{1F3B31EE-9DD1-4370-B9F9-18124885C375}.Debug|Any CPU.ActiveCfg = Debug|Any CPU
		{1F3B31EE-9DD1-4370-B9F9-18124885C375}.Debug|Any CPU.Build.0 = Debug|Any CPU
		{1F3B31EE-9DD1-4370-B9F9-18124885C375}.Release|Any CPU.ActiveCfg = Release|Any CPU
		{1F3B31EE-9DD1-4370-B9F9-18124885C375}.Release|Any CPU.Build.0 = Release|Any CPU
	EndGlobalSection
	GlobalSection(SolutionProperties) = preSolution
		HideSolutionNode = FALSE
	EndGlobalSection
EndGlobal
