
Microsoft Visual Studio Solution File, Format Version 12.00
# Visual Studio 2013
VisualStudioVersion = 12.0.31101.0
MinimumVisualStudioVersion = 10.0.40219.1
Project("{FAE04EC0-301F-11D3-BF4B-00C04F79EFBC}") = "3D model", "3D model\3D model.csproj", "{C3B6FD88-52F5-43FA-8BDE-D4F61C4283BD}"
EndProject
Global
	GlobalSection(SolutionConfigurationPlatforms) = preSolution
		Debug|Any CPU = Debug|Any CPU
		Release|Any CPU = Release|Any CPU
	EndGlobalSection
	GlobalSection(ProjectConfigurationPlatforms) = postSolution
		{C3B6FD88-52F5-43FA-8BDE-D4F61C4283BD}.Debug|Any CPU.ActiveCfg = Debug|Any CPU
		{C3B6FD88-52F5-43FA-8BDE-D4F61C4283BD}.Debug|Any CPU.Build.0 = Debug|Any CPU
		{C3B6FD88-52F5-43FA-8BDE-D4F61C4283BD}.Release|Any CPU.ActiveCfg = Release|Any CPU
		{C3B6FD88-52F5-43FA-8BDE-D4F61C4283BD}.Release|Any CPU.Build.0 = Release|Any CPU
	EndGlobalSection
	GlobalSection(SolutionProperties) = preSolution
		HideSolutionNode = FALSE
	EndGlobalSection
EndGlobal
